github.com/golang-collections/collections v0.0.0-20130729185459-604e922904d3 h1:zN2lZNZRflqFyxVaTIU61KNKQ9C0055u9CAfpmqUvo4=
github.com/golang-collections/collections v0.0.0-20130729185459-604e922904d3/go.mod h1:nPpo7qLxd6XL3hWJG/O60sR8ZKfMCiIoNap5GvD12KU=
golang.org/x/exp v0.0.0-20221204150635-6dcec336b2bb h1:QIsP/NmClBICkqnJ4rSIhnrGiGR7Yv9ZORGGnmmLTPk=
golang.org/x/exp v0.0.0-20221204150635-6dcec336b2bb/go.mod h1:CxIveKay+FTh1D0yPZemJVgC/95VzuuOLq5Qi4xnoYc=
